
Microsoft Visual Studio Solution File, Format Version 12.00
# Visual Studio Version 17
VisualStudioVersion = 17.0.32014.148
MinimumVisualStudioVersion = 10.0.40219.1
Project("{FAE04EC0-301F-11D3-BF4B-00C04F79EFBC}") = "Validação de CPF", "Validação de CPF\Validação de CPF.csproj", "{D98FBDBF-A8AE-479F-82B5-49E837521D2F}"
EndProject
Global
	GlobalSection(SolutionConfigurationPlatforms) = preSolution
		Debug|Any CPU = Debug|Any CPU
		Release|Any CPU = Release|Any CPU
	EndGlobalSection
	GlobalSection(ProjectConfigurationPlatforms) = postSolution
		{D98FBDBF-A8AE-479F-82B5-49E837521D2F}.Debug|Any CPU.ActiveCfg = Debug|Any CPU
		{D98FBDBF-A8AE-479F-82B5-49E837521D2F}.Debug|Any CPU.Build.0 = Debug|Any CPU
		{D98FBDBF-A8AE-479F-82B5-49E837521D2F}.Release|Any CPU.ActiveCfg = Release|Any CPU
		{D98FBDBF-A8AE-479F-82B5-49E837521D2F}.Release|Any CPU.Build.0 = Release|Any CPU
	EndGlobalSection
	GlobalSection(SolutionProperties) = preSolution
		HideSolutionNode = FALSE
	EndGlobalSection
	GlobalSection(ExtensibilityGlobals) = postSolution
		SolutionGuid = {F3DEE325-8DF1-4886-8E93-942A4A36F8F7}
	EndGlobalSection
EndGlobal
